{
  "originHash" : "a72ec15589c7e13765520e33f1d10d39b504e1b7a3f02c8e210703f633699b6a",
  "pins" : [
    {
      "identity" : "hnsw.swift",
      "kind" : "remoteSourceControl",
      "location" : "https://github.com/botisan-ai/HNSW.swift.git",
      "state" : {
        "revision" : "f1b73c422d95f0d22e6566b54de2c1a85f2974ba",
        "version" : "0.2.2"
      }
    },
    {
      "identity" : "swift-syntax",
      "kind" : "remoteSourceControl",
      "location" : "https://github.com/swiftlang/swift-syntax.git",
      "state" : {
        "revision" : "0687f71944021d616d34d922343dcef086855920",
        "version" : "600.0.1"
      }
    },
    {
      "identity" : "tantivy.swift",
      "kind" : "remoteSourceControl",
      "location" : "https://github.com/botisan-ai/tantivy.swift.git",
      "state" : {
        "revision" : "37b661b1e071f9eb2a3c42a52fb90a94d48a129b",
        "version" : "0.3.2"
      }
    }
  ],
  "version" : 3
}
